
Microsoft Visual Studio Solution File, Format Version 12.00
# Visual Studio Version 16
VisualStudioVersion = 16.0.32228.343
MinimumVisualStudioVersion = 10.0.40219.1
Project("{FAE04EC0-301F-11D3-BF4B-00C04F79EFBC}") = "Question_1_(1)", "Question_1_(1)\Question_1_(1).csproj", "{9D7A81C0-0BF9-49EC-8DA7-B21ABB710E0A}"
EndProject
Project("{FAE04EC0-301F-11D3-BF4B-00C04F79EFBC}") = "Question_1_(2)", "Question_1_(2)\Question_1_(2).csproj", "{9FA98219-655A-4C3D-AF2E-E7A5642CC428}"
EndProject
Project("{FAE04EC0-301F-11D3-BF4B-00C04F79EFBC}") = "Question_1_(3)", "Question_1_(3)\Question_1_(3).csproj", "{64B77B17-F1A1-4F84-B8AA-A62511710908}"
EndProject
Project("{FAE04EC0-301F-11D3-BF4B-00C04F79EFBC}") = "Question_2", "Question_2\Question_2.csproj", "{DDFFCDDC-FE1F-4272-ABEF-A58E34D8E0A1}"
EndProject
Project("{FAE04EC0-301F-11D3-BF4B-00C04F79EFBC}") = "Question_3", "Question_3\Question_3.csproj", "{7C73F20D-F98D-4952-9F2C-C37A8B089107}"
EndProject
Project("{FAE04EC0-301F-11D3-BF4B-00C04F79EFBC}") = "Question_4", "Questions_4\Question_4.csproj", "{303C9489-06B5-4FF7-9449-0BDC36CE1889}"
EndProject
Project("{FAE04EC0-301F-11D3-BF4B-00C04F79EFBC}") = "Question_5", "Questions_5\Question_5.csproj", "{402C9DDF-2955-480A-A8D8-3356EB97B82C}"
EndProject
Project("{FAE04EC0-301F-11D3-BF4B-00C04F79EFBC}") = "Question_6", "Questions_6\Question_6.csproj", "{3FAB10D5-B3B2-42BA-BFE5-1397CE121C6D}"
EndProject
Project("{FAE04EC0-301F-11D3-BF4B-00C04F79EFBC}") = "Question_7", "Question_7\Question_7.csproj", "{8E0F5691-87CC-42F5-A735-C9425F23A213}"
EndProject
Project("{FAE04EC0-301F-11D3-BF4B-00C04F79EFBC}") = "Question_8", "Questions_8\Question_8.csproj", "{5A13FA27-4803-4FA0-8994-92CDBFFED4AC}"
EndProject
Project("{FAE04EC0-301F-11D3-BF4B-00C04F79EFBC}") = "Questions_11", "Questions_11\Questions_11.csproj", "{3B98B31E-F01C-4D18-9897-7D6AE5EBFBAD}"
EndProject
Project("{FAE04EC0-301F-11D3-BF4B-00C04F79EFBC}") = "Questions_12", "Questions_12\Questions_12.csproj", "{3F9C8103-6554-4054-B551-143DC4EE0242}"
EndProject
Project("{FAE04EC0-301F-11D3-BF4B-00C04F79EFBC}") = "Questions_15", "Questions_15\Questions_15.csproj", "{E65CF851-FF0A-4F27-950B-BE4483E1BA30}"
EndProject
Project("{FAE04EC0-301F-11D3-BF4B-00C04F79EFBC}") = "Questions_14", "Questions_14\Questions_14.csproj", "{90846631-65A9-418E-97CD-5E3CDC9B2995}"
EndProject
Project("{FAE04EC0-301F-11D3-BF4B-00C04F79EFBC}") = "Questions_16", "Questions_16\Questions_16.csproj", "{1D7C42D9-7C1D-4C83-A4C1-B06243A28D2A}"
EndProject
Project("{FAE04EC0-301F-11D3-BF4B-00C04F79EFBC}") = "Questions_17", "Questions_17\Questions_17.csproj", "{877024F5-A9DA-47A3-B363-383C03ED318D}"
EndProject
Project("{FAE04EC0-301F-11D3-BF4B-00C04F79EFBC}") = "Questions_10", "Questions_10\Questions_10.csproj", "{E0720935-158F-4301-A883-9458A030099D}"
EndProject
Project("{FAE04EC0-301F-11D3-BF4B-00C04F79EFBC}") = "Question_9", "Question_9\Question_9.csproj", "{B5D17230-B2D3-405F-8CB7-0EAC66F8442E}"
EndProject
Global
	GlobalSection(SolutionConfigurationPlatforms) = preSolution
		Debug|Any CPU = Debug|Any CPU
		Release|Any CPU = Release|Any CPU
	EndGlobalSection
	GlobalSection(ProjectConfigurationPlatforms) = postSolution
		{9D7A81C0-0BF9-49EC-8DA7-B21ABB710E0A}.Debug|Any CPU.ActiveCfg = Debug|Any CPU
		{9D7A81C0-0BF9-49EC-8DA7-B21ABB710E0A}.Debug|Any CPU.Build.0 = Debug|Any CPU
		{9D7A81C0-0BF9-49EC-8DA7-B21ABB710E0A}.Release|Any CPU.ActiveCfg = Release|Any CPU
		{9D7A81C0-0BF9-49EC-8DA7-B21ABB710E0A}.Release|Any CPU.Build.0 = Release|Any CPU
		{9FA98219-655A-4C3D-AF2E-E7A5642CC428}.Debug|Any CPU.ActiveCfg = Debug|Any CPU
		{9FA98219-655A-4C3D-AF2E-E7A5642CC428}.Debug|Any CPU.Build.0 = Debug|Any CPU
		{9FA98219-655A-4C3D-AF2E-E7A5642CC428}.Release|Any CPU.ActiveCfg = Release|Any CPU
		{9FA98219-655A-4C3D-AF2E-E7A5642CC428}.Release|Any CPU.Build.0 = Release|Any CPU
		{64B77B17-F1A1-4F84-B8AA-A62511710908}.Debug|Any CPU.ActiveCfg = Debug|Any CPU
		{64B77B17-F1A1-4F84-B8AA-A62511710908}.Debug|Any CPU.Build.0 = Debug|Any CPU
		{64B77B17-F1A1-4F84-B8AA-A62511710908}.Release|Any CPU.ActiveCfg = Release|Any CPU
		{64B77B17-F1A1-4F84-B8AA-A62511710908}.Release|Any CPU.Build.0 = Release|Any CPU
		{DDFFCDDC-FE1F-4272-ABEF-A58E34D8E0A1}.Debug|Any CPU.ActiveCfg = Debug|Any CPU
		{DDFFCDDC-FE1F-4272-ABEF-A58E34D8E0A1}.Debug|Any CPU.Build.0 = Debug|Any CPU
		{DDFFCDDC-FE1F-4272-ABEF-A58E34D8E0A1}.Release|Any CPU.ActiveCfg = Release|Any CPU
		{DDFFCDDC-FE1F-4272-ABEF-A58E34D8E0A1}.Release|Any CPU.Build.0 = Release|Any CPU
		{7C73F20D-F98D-4952-9F2C-C37A8B089107}.Debug|Any CPU.ActiveCfg = Debug|Any CPU
		{7C73F20D-F98D-4952-9F2C-C37A8B089107}.Debug|Any CPU.Build.0 = Debug|Any CPU
		{7C73F20D-F98D-4952-9F2C-C37A8B089107}.Release|Any CPU.ActiveCfg = Release|Any CPU
		{7C73F20D-F98D-4952-9F2C-C37A8B089107}.Release|Any CPU.Build.0 = Release|Any CPU
		{303C9489-06B5-4FF7-9449-0BDC36CE1889}.Debug|Any CPU.ActiveCfg = Debug|Any CPU
		{303C9489-06B5-4FF7-9449-0BDC36CE1889}.Debug|Any CPU.Build.0 = Debug|Any CPU
		{303C9489-06B5-4FF7-9449-0BDC36CE1889}.Release|Any CPU.ActiveCfg = Release|Any CPU
		{303C9489-06B5-4FF7-9449-0BDC36CE1889}.Release|Any CPU.Build.0 = Release|Any CPU
		{402C9DDF-2955-480A-A8D8-3356EB97B82C}.Debug|Any CPU.ActiveCfg = Debug|Any CPU
		{402C9DDF-2955-480A-A8D8-3356EB97B82C}.Debug|Any CPU.Build.0 = Debug|Any CPU
		{402C9DDF-2955-480A-A8D8-3356EB97B82C}.Release|Any CPU.ActiveCfg = Release|Any CPU
		{402C9DDF-2955-480A-A8D8-3356EB97B82C}.Release|Any CPU.Build.0 = Release|Any CPU
		{3FAB10D5-B3B2-42BA-BFE5-1397CE121C6D}.Debug|Any CPU.ActiveCfg = Debug|Any CPU
		{3FAB10D5-B3B2-42BA-BFE5-1397CE121C6D}.Debug|Any CPU.Build.0 = Debug|Any CPU
		{3FAB10D5-B3B2-42BA-BFE5-1397CE121C6D}.Release|Any CPU.ActiveCfg = Release|Any CPU
		{3FAB10D5-B3B2-42BA-BFE5-1397CE121C6D}.Release|Any CPU.Build.0 = Release|Any CPU
		{8E0F5691-87CC-42F5-A735-C9425F23A213}.Debug|Any CPU.ActiveCfg = Debug|Any CPU
		{8E0F5691-87CC-42F5-A735-C9425F23A213}.Debug|Any CPU.Build.0 = Debug|Any CPU
		{8E0F5691-87CC-42F5-A735-C9425F23A213}.Release|Any CPU.ActiveCfg = Release|Any CPU
		{8E0F5691-87CC-42F5-A735-C9425F23A213}.Release|Any CPU.Build.0 = Release|Any CPU
		{5A13FA27-4803-4FA0-8994-92CDBFFED4AC}.Debug|Any CPU.ActiveCfg = Debug|Any CPU
		{5A13FA27-4803-4FA0-8994-92CDBFFED4AC}.Debug|Any CPU.Build.0 = Debug|Any CPU
		{5A13FA27-4803-4FA0-8994-92CDBFFED4AC}.Release|Any CPU.ActiveCfg = Release|Any CPU
		{5A13FA27-4803-4FA0-8994-92CDBFFED4AC}.Release|Any CPU.Build.0 = Release|Any CPU
		{3B98B31E-F01C-4D18-9897-7D6AE5EBFBAD}.Debug|Any CPU.ActiveCfg = Debug|Any CPU
		{3B98B31E-F01C-4D18-9897-7D6AE5EBFBAD}.Debug|Any CPU.Build.0 = Debug|Any CPU
		{3B98B31E-F01C-4D18-9897-7D6AE5EBFBAD}.Release|Any CPU.ActiveCfg = Release|Any CPU
		{3B98B31E-F01C-4D18-9897-7D6AE5EBFBAD}.Release|Any CPU.Build.0 = Release|Any CPU
		{3F9C8103-6554-4054-B551-143DC4EE0242}.Debug|Any CPU.ActiveCfg = Debug|Any CPU
		{3F9C8103-6554-4054-B551-143DC4EE0242}.Debug|Any CPU.Build.0 = Debug|Any CPU
		{3F9C8103-6554-4054-B551-143DC4EE0242}.Release|Any CPU.ActiveCfg = Release|Any CPU
		{3F9C8103-6554-4054-B551-143DC4EE0242}.Release|Any CPU.Build.0 = Release|Any CPU
		{E65CF851-FF0A-4F27-950B-BE4483E1BA30}.Debug|Any CPU.ActiveCfg = Debug|Any CPU
		{E65CF851-FF0A-4F27-950B-BE4483E1BA30}.Debug|Any CPU.Build.0 = Debug|Any CPU
		{E65CF851-FF0A-4F27-950B-BE4483E1BA30}.Release|Any CPU.ActiveCfg = Release|Any CPU
		{E65CF851-FF0A-4F27-950B-BE4483E1BA30}.Release|Any CPU.Build.0 = Release|Any CPU
		{90846631-65A9-418E-97CD-5E3CDC9B2995}.Debug|Any CPU.ActiveCfg = Debug|Any CPU
		{90846631-65A9-418E-97CD-5E3CDC9B2995}.Debug|Any CPU.Build.0 = Debug|Any CPU
		{90846631-65A9-418E-97CD-5E3CDC9B2995}.Release|Any CPU.ActiveCfg = Release|Any CPU
		{90846631-65A9-418E-97CD-5E3CDC9B2995}.Release|Any CPU.Build.0 = Release|Any CPU
		{1D7C42D9-7C1D-4C83-A4C1-B06243A28D2A}.Debug|Any CPU.ActiveCfg = Debug|Any CPU
		{1D7C42D9-7C1D-4C83-A4C1-B06243A28D2A}.Debug|Any CPU.Build.0 = Debug|Any CPU
		{1D7C42D9-7C1D-4C83-A4C1-B06243A28D2A}.Release|Any CPU.ActiveCfg = Release|Any CPU
		{1D7C42D9-7C1D-4C83-A4C1-B06243A28D2A}.Release|Any CPU.Build.0 = Release|Any CPU
		{877024F5-A9DA-47A3-B363-383C03ED318D}.Debug|Any CPU.ActiveCfg = Debug|Any CPU
		{877024F5-A9DA-47A3-B363-383C03ED318D}.Debug|Any CPU.Build.0 = Debug|Any CPU
		{877024F5-A9DA-47A3-B363-383C03ED318D}.Release|Any CPU.ActiveCfg = Release|Any CPU
		{877024F5-A9DA-47A3-B363-383C03ED318D}.Release|Any CPU.Build.0 = Release|Any CPU
		{E0720935-158F-4301-A883-9458A030099D}.Debug|Any CPU.ActiveCfg = Debug|Any CPU
		{E0720935-158F-4301-A883-9458A030099D}.Debug|Any CPU.Build.0 = Debug|Any CPU
		{E0720935-158F-4301-A883-9458A030099D}.Release|Any CPU.ActiveCfg = Release|Any CPU
		{E0720935-158F-4301-A883-9458A030099D}.Release|Any CPU.Build.0 = Release|Any CPU
		{B5D17230-B2D3-405F-8CB7-0EAC66F8442E}.Debug|Any CPU.ActiveCfg = Debug|Any CPU
		{B5D17230-B2D3-405F-8CB7-0EAC66F8442E}.Debug|Any CPU.Build.0 = Debug|Any CPU
		{B5D17230-B2D3-405F-8CB7-0EAC66F8442E}.Release|Any CPU.ActiveCfg = Release|Any CPU
		{B5D17230-B2D3-405F-8CB7-0EAC66F8442E}.Release|Any CPU.Build.0 = Release|Any CPU
	EndGlobalSection
	GlobalSection(SolutionProperties) = preSolution
		HideSolutionNode = FALSE
	EndGlobalSection
	GlobalSection(ExtensibilityGlobals) = postSolution
		SolutionGuid = {D733FCF1-FE90-461D-82D7-AA7A312EAF25}
	EndGlobalSection
EndGlobal
